
Microsoft Visual Studio Solution File, Format Version 12.00
# Visual Studio Version 17
VisualStudioVersion = 17.2.32602.215
MinimumVisualStudioVersion = 10.0.40219.1
Project("{FAE04EC0-301F-11D3-BF4B-00C04F79EFBC}") = "Guess Number", "Guess Number.csproj", "{34CA6ADA-1D93-4387-91A1-FE0A84608D5C}"
EndProject
Global
	GlobalSection(SolutionConfigurationPlatforms) = preSolution
		Debug|Any CPU = Debug|Any CPU
		Release|Any CPU = Release|Any CPU
	EndGlobalSection
	GlobalSection(ProjectConfigurationPlatforms) = postSolution
		{34CA6ADA-1D93-4387-91A1-FE0A84608D5C}.Debug|Any CPU.ActiveCfg = Debug|Any CPU
		{34CA6ADA-1D93-4387-91A1-FE0A84608D5C}.Debug|Any CPU.Build.0 = Debug|Any CPU
		{34CA6ADA-1D93-4387-91A1-FE0A84608D5C}.Release|Any CPU.ActiveCfg = Release|Any CPU
		{34CA6ADA-1D93-4387-91A1-FE0A84608D5C}.Release|Any CPU.Build.0 = Release|Any CPU
	EndGlobalSection
	GlobalSection(SolutionProperties) = preSolution
		HideSolutionNode = FALSE
	EndGlobalSection
	GlobalSection(ExtensibilityGlobals) = postSolution
		SolutionGuid = {DCFB8624-C44E-4D9B-B3AC-EB9E01D59016}
	EndGlobalSection
EndGlobal
